
Microsoft Visual Studio Solution File, Format Version 12.00
# Visual Studio 15
VisualStudioVersion = 15.0.27428.1
MinimumVisualStudioVersion = 10.0.40219.1
Project("{FAE04EC0-301F-11D3-BF4B-00C04F79EFBC}") = "WpfMVPStopWatch", "WpfApplication1\WpfMVPStopWatch.csproj", "{EC3C5DEF-DCCE-4DD2-8C86-676986EF77B3}"
EndProject
Global
	GlobalSection(SolutionConfigurationPlatforms) = preSolution
		Debug|Any CPU = Debug|Any CPU
		Release|Any CPU = Release|Any CPU
	EndGlobalSection
	GlobalSection(ProjectConfigurationPlatforms) = postSolution
		{EC3C5DEF-DCCE-4DD2-8C86-676986EF77B3}.Debug|Any CPU.ActiveCfg = Debug|Any CPU
		{EC3C5DEF-DCCE-4DD2-8C86-676986EF77B3}.Debug|Any CPU.Build.0 = Debug|Any CPU
		{EC3C5DEF-DCCE-4DD2-8C86-676986EF77B3}.Release|Any CPU.ActiveCfg = Release|Any CPU
		{EC3C5DEF-DCCE-4DD2-8C86-676986EF77B3}.Release|Any CPU.Build.0 = Release|Any CPU
	EndGlobalSection
	GlobalSection(SolutionProperties) = preSolution
		HideSolutionNode = FALSE
	EndGlobalSection
	GlobalSection(ExtensibilityGlobals) = postSolution
		SolutionGuid = {E7247724-0911-43BE-8EE7-E70090E6E460}
	EndGlobalSection
EndGlobal
